// !$*UTF8*$!
{
	archiveVersion = 1;
	classes = {
	};
	objectVersion = 48;
	objects = {

/* Begin PBXBuildFile section */
		4176CED001CB1761CDDCCC2B /* Pods_RxSwiftExampleTests.framework in Frameworks */ = {isa = PBXBuildFile; fileRef = 924B5E37CB69F85E3427CC43 /* Pods_RxSwiftExampleTests.framework */; };
		4C083ACA1FD8C4A0006CF142 /* FormStackHeaderView.swift in Sources */ = {isa = PBXBuildFile; fileRef = 4C083AC91FD8C4A0006CF142 /* FormStackHeaderView.swift */; };
		4C0BF8FD1FD9D6F500F7E67D /* State.json in Resources */ = {isa = PBXBuildFile; fileRef = 4C0BF8FC1FD9D6F500F7E67D /* State.json */; };
		4C0BF8FF1FD9D74800F7E67D /* UserProfileStateList.swift in Sources */ = {isa = PBXBuildFile; fileRef = 4C0BF8FE1FD9D74800F7E67D /* UserProfileStateList.swift */; };
		4C0BF9011FD9ED2C00F7E67D /* PhoneNumberTextFieldView.swift in Sources */ = {isa = PBXBuildFile; fileRef = 4C0BF9001FD9ED2C00F7E67D /* PhoneNumberTextFieldView.swift */; };
		4C0E40BA1FE17F4C002ADB29 /* UserPreferencesSwitchView.swift in Sources */ = {isa = PBXBuildFile; fileRef = 4C0E40B91FE17F4C002ADB29 /* UserPreferencesSwitchView.swift */; };
		4C21824D1FD6F382003EEA33 /* FormStackInteractor.swift in Sources */ = {isa = PBXBuildFile; fileRef = 4C21824C1FD6F382003EEA33 /* FormStackInteractor.swift */; };
		4C21824F1FD6F38D003EEA33 /* FormStackPresenter.swift in Sources */ = {isa = PBXBuildFile; fileRef = 4C21824E1FD6F38D003EEA33 /* FormStackPresenter.swift */; };
		4C2182511FD6F3C4003EEA33 /* FormStackModel.swift in Sources */ = {isa = PBXBuildFile; fileRef = 4C2182501FD6F3C4003EEA33 /* FormStackModel.swift */; };
		4C2182531FD7047E003EEA33 /* HelperFunctions.swift in Sources */ = {isa = PBXBuildFile; fileRef = 4C2182521FD7047E003EEA33 /* HelperFunctions.swift */; };
		4C2182561FD74DD2003EEA33 /* VIPFromTest.swift in Sources */ = {isa = PBXBuildFile; fileRef = 4C2182551FD74DD2003EEA33 /* VIPFromTest.swift */; };
		4C288D721FD4ADB7008697F6 /* ColorPickerExample.swift in Sources */ = {isa = PBXBuildFile; fileRef = 4C288D711FD4ADB7008697F6 /* ColorPickerExample.swift */; };
		4C288D741FD4AFBC008697F6 /* CircleViewModel.swift in Sources */ = {isa = PBXBuildFile; fileRef = 4C288D731FD4AFBC008697F6 /* CircleViewModel.swift */; };
		4C36FEB71FD61EEB008E4C5C /* NameViewModel.swift in Sources */ = {isa = PBXBuildFile; fileRef = 4C36FEB61FD61EEB008E4C5C /* NameViewModel.swift */; };
		4C54B4901FE066DC0045DCFC /* UserPreferenceModel.swift in Sources */ = {isa = PBXBuildFile; fileRef = 4C54B48F1FE066DC0045DCFC /* UserPreferenceModel.swift */; };
		4C54B4921FE1DF2A0045DCFC /* UserPreferencesPushNotificationsView.swift in Sources */ = {isa = PBXBuildFile; fileRef = 4C54B4911FE1DF2A0045DCFC /* UserPreferencesPushNotificationsView.swift */; };
		4C54B4941FE1E42C0045DCFC /* UserPreferencesSelectionView.swift in Sources */ = {isa = PBXBuildFile; fileRef = 4C54B4931FE1E42C0045DCFC /* UserPreferencesSelectionView.swift */; };
		4C5C87D41FD1D80B00BEAD5C /* AppDelegate.swift in Sources */ = {isa = PBXBuildFile; fileRef = 4C5C87D31FD1D80B00BEAD5C /* AppDelegate.swift */; };
		4C5C87D61FD1D80B00BEAD5C /* ViewController.swift in Sources */ = {isa = PBXBuildFile; fileRef = 4C5C87D51FD1D80B00BEAD5C /* ViewController.swift */; };
		4C5C87D91FD1D80B00BEAD5C /* Main.storyboard in Resources */ = {isa = PBXBuildFile; fileRef = 4C5C87D71FD1D80B00BEAD5C /* Main.storyboard */; };
		4C5C87DB1FD1D80B00BEAD5C /* Assets.xcassets in Resources */ = {isa = PBXBuildFile; fileRef = 4C5C87DA1FD1D80B00BEAD5C /* Assets.xcassets */; };
		4C5C87DE1FD1D80B00BEAD5C /* LaunchScreen.storyboard in Resources */ = {isa = PBXBuildFile; fileRef = 4C5C87DC1FD1D80B00BEAD5C /* LaunchScreen.storyboard */; };
		4C5C87F51FD1E34000BEAD5C /* CitySearchExample.swift in Sources */ = {isa = PBXBuildFile; fileRef = 4C5C87F41FD1E34000BEAD5C /* CitySearchExample.swift */; };
		4C88F7371FD5E291009BC9D5 /* FormStackController.swift in Sources */ = {isa = PBXBuildFile; fileRef = 4C88F7361FD5E291009BC9D5 /* FormStackController.swift */; };
		4C88F7391FD5E6F5009BC9D5 /* FormTextFieldView.swift in Sources */ = {isa = PBXBuildFile; fileRef = 4C88F7381FD5E6F5009BC9D5 /* FormTextFieldView.swift */; };
		4CB816871FE0362800EB0818 /* UserPreferencesStackContainer.swift in Sources */ = {isa = PBXBuildFile; fileRef = 4CB816861FE0362800EB0818 /* UserPreferencesStackContainer.swift */; };
		4CB816891FE0511400EB0818 /* UserPreferencesPresenter.swift in Sources */ = {isa = PBXBuildFile; fileRef = 4CB816881FE0511400EB0818 /* UserPreferencesPresenter.swift */; };
		4CB8168B1FE0511E00EB0818 /* UserPreferencesInteractor.swift in Sources */ = {isa = PBXBuildFile; fileRef = 4CB8168A1FE0511E00EB0818 /* UserPreferencesInteractor.swift */; };
		4CB8168D1FE0512A00EB0818 /* UserPreferencesViewModel.swift in Sources */ = {isa = PBXBuildFile; fileRef = 4CB8168C1FE0512A00EB0818 /* UserPreferencesViewModel.swift */; };
		4CB8168F1FE05AB800EB0818 /* UserPreferencesTextFieldView.swift in Sources */ = {isa = PBXBuildFile; fileRef = 4CB8168E1FE05AB800EB0818 /* UserPreferencesTextFieldView.swift */; };
		4CB816911FE05F8000EB0818 /* UserPreferencesHeaderView.swift in Sources */ = {isa = PBXBuildFile; fileRef = 4CB816901FE05F8000EB0818 /* UserPreferencesHeaderView.swift */; };
		D3611E68258CE28381D52709 /* Pods_RxSwiftExample.framework in Frameworks */ = {isa = PBXBuildFile; fileRef = DD23EA40416875DBABD2838B /* Pods_RxSwiftExample.framework */; };
/* End PBXBuildFile section */

/* Begin PBXContainerItemProxy section */
		4C5C87E51FD1D80B00BEAD5C /* PBXContainerItemProxy */ = {
			isa = PBXContainerItemProxy;
			containerPortal = 4C5C87C81FD1D80B00BEAD5C /* Project object */;
			proxyType = 1;
			remoteGlobalIDString = 4C5C87CF1FD1D80B00BEAD5C;
			remoteInfo = RxSwiftExample;
		};
/* End PBXContainerItemProxy section */

/* Begin PBXFileReference section */
		1CEEF0CB16B2B82433467DA7 /* Pods-RxSwiftExampleTests.debug.xcconfig */ = {isa = PBXFileReference; includeInIndex = 1; lastKnownFileType = text.xcconfig; name = "Pods-RxSwiftExampleTests.debug.xcconfig"; path = "Pods/Target Support Files/Pods-RxSwiftExampleTests/Pods-RxSwiftExampleTests.debug.xcconfig"; sourceTree = "<group>"; };
		4C083AC91FD8C4A0006CF142 /* FormStackHeaderView.swift */ = {isa = PBXFileReference; lastKnownFileType = sourcecode.swift; path = FormStackHeaderView.swift; sourceTree = "<group>"; };
		4C0BF8FC1FD9D6F500F7E67D /* State.json */ = {isa = PBXFileReference; lastKnownFileType = text.json; path = State.json; sourceTree = "<group>"; };
		4C0BF8FE1FD9D74800F7E67D /* UserProfileStateList.swift */ = {isa = PBXFileReference; lastKnownFileType = sourcecode.swift; path = UserProfileStateList.swift; sourceTree = "<group>"; };
		4C0BF9001FD9ED2C00F7E67D /* PhoneNumberTextFieldView.swift */ = {isa = PBXFileReference; lastKnownFileType = sourcecode.swift; path = PhoneNumberTextFieldView.swift; sourceTree = "<group>"; };
		4C0E40B91FE17F4C002ADB29 /* UserPreferencesSwitchView.swift */ = {isa = PBXFileReference; lastKnownFileType = sourcecode.swift; path = UserPreferencesSwitchView.swift; sourceTree = "<group>"; };
		4C21824C1FD6F382003EEA33 /* FormStackInteractor.swift */ = {isa = PBXFileReference; lastKnownFileType = sourcecode.swift; path = FormStackInteractor.swift; sourceTree = "<group>"; };
		4C21824E1FD6F38D003EEA33 /* FormStackPresenter.swift */ = {isa = PBXFileReference; lastKnownFileType = sourcecode.swift; path = FormStackPresenter.swift; sourceTree = "<group>"; };
		4C2182501FD6F3C4003EEA33 /* FormStackModel.swift */ = {isa = PBXFileReference; lastKnownFileType = sourcecode.swift; path = FormStackModel.swift; sourceTree = "<group>"; };
		4C2182521FD7047E003EEA33 /* HelperFunctions.swift */ = {isa = PBXFileReference; lastKnownFileType = sourcecode.swift; path = HelperFunctions.swift; sourceTree = "<group>"; };
		4C2182551FD74DD2003EEA33 /* VIPFromTest.swift */ = {isa = PBXFileReference; lastKnownFileType = sourcecode.swift; path = VIPFromTest.swift; sourceTree = "<group>"; };
		4C288D711FD4ADB7008697F6 /* ColorPickerExample.swift */ = {isa = PBXFileReference; lastKnownFileType = sourcecode.swift; path = ColorPickerExample.swift; sourceTree = "<group>"; };
		4C288D731FD4AFBC008697F6 /* CircleViewModel.swift */ = {isa = PBXFileReference; lastKnownFileType = sourcecode.swift; path = CircleViewModel.swift; sourceTree = "<group>"; };
		4C36FEB61FD61EEB008E4C5C /* NameViewModel.swift */ = {isa = PBXFileReference; lastKnownFileType = sourcecode.swift; path = NameViewModel.swift; sourceTree = "<group>"; };
		4C54B48F1FE066DC0045DCFC /* UserPreferenceModel.swift */ = {isa = PBXFileReference; lastKnownFileType = sourcecode.swift; name = UserPreferenceModel.swift; path = RxSwiftExample/UserPreferences/UserPreferenceModel.swift; sourceTree = SOURCE_ROOT; };
		4C54B4911FE1DF2A0045DCFC /* UserPreferencesPushNotificationsView.swift */ = {isa = PBXFileReference; lastKnownFileType = sourcecode.swift; path = UserPreferencesPushNotificationsView.swift; sourceTree = "<group>"; };
		4C54B4931FE1E42C0045DCFC /* UserPreferencesSelectionView.swift */ = {isa = PBXFileReference; lastKnownFileType = sourcecode.swift; path = UserPreferencesSelectionView.swift; sourceTree = "<group>"; };
		4C5C87D01FD1D80B00BEAD5C /* RxSwiftExample.app */ = {isa = PBXFileReference; explicitFileType = wrapper.application; includeInIndex = 0; path = RxSwiftExample.app; sourceTree = BUILT_PRODUCTS_DIR; };
		4C5C87D31FD1D80B00BEAD5C /* AppDelegate.swift */ = {isa = PBXFileReference; lastKnownFileType = sourcecode.swift; path = AppDelegate.swift; sourceTree = "<group>"; };
		4C5C87D51FD1D80B00BEAD5C /* ViewController.swift */ = {isa = PBXFileReference; lastKnownFileType = sourcecode.swift; path = ViewController.swift; sourceTree = "<group>"; };
		4C5C87D81FD1D80B00BEAD5C /* Base */ = {isa = PBXFileReference; lastKnownFileType = file.storyboard; name = Base; path = Base.lproj/Main.storyboard; sourceTree = "<group>"; };
		4C5C87DA1FD1D80B00BEAD5C /* Assets.xcassets */ = {isa = PBXFileReference; lastKnownFileType = folder.assetcatalog; path = Assets.xcassets; sourceTree = "<group>"; };
		4C5C87DD1FD1D80B00BEAD5C /* Base */ = {isa = PBXFileReference; lastKnownFileType = file.storyboard; name = Base; path = Base.lproj/LaunchScreen.storyboard; sourceTree = "<group>"; };
		4C5C87DF1FD1D80B00BEAD5C /* Info.plist */ = {isa = PBXFileReference; lastKnownFileType = text.plist.xml; path = Info.plist; sourceTree = "<group>"; };
		4C5C87E41FD1D80B00BEAD5C /* RxSwiftExampleTests.xctest */ = {isa = PBXFileReference; explicitFileType = wrapper.cfbundle; includeInIndex = 0; path = RxSwiftExampleTests.xctest; sourceTree = BUILT_PRODUCTS_DIR; };
		4C5C87EA1FD1D80B00BEAD5C /* Info.plist */ = {isa = PBXFileReference; lastKnownFileType = text.plist.xml; path = Info.plist; sourceTree = "<group>"; };
		4C5C87F41FD1E34000BEAD5C /* CitySearchExample.swift */ = {isa = PBXFileReference; lastKnownFileType = sourcecode.swift; path = CitySearchExample.swift; sourceTree = "<group>"; };
		4C88F7361FD5E291009BC9D5 /* FormStackController.swift */ = {isa = PBXFileReference; lastKnownFileType = sourcecode.swift; path = FormStackController.swift; sourceTree = "<group>"; };
		4C88F7381FD5E6F5009BC9D5 /* FormTextFieldView.swift */ = {isa = PBXFileReference; lastKnownFileType = sourcecode.swift; path = FormTextFieldView.swift; sourceTree = "<group>"; };
		4CB816861FE0362800EB0818 /* UserPreferencesStackContainer.swift */ = {isa = PBXFileReference; lastKnownFileType = sourcecode.swift; path = UserPreferencesStackContainer.swift; sourceTree = "<group>"; };
		4CB816881FE0511400EB0818 /* UserPreferencesPresenter.swift */ = {isa = PBXFileReference; lastKnownFileType = sourcecode.swift; path = UserPreferencesPresenter.swift; sourceTree = "<group>"; };
		4CB8168A1FE0511E00EB0818 /* UserPreferencesInteractor.swift */ = {isa = PBXFileReference; lastKnownFileType = sourcecode.swift; path = UserPreferencesInteractor.swift; sourceTree = "<group>"; };
		4CB8168C1FE0512A00EB0818 /* UserPreferencesViewModel.swift */ = {isa = PBXFileReference; lastKnownFileType = sourcecode.swift; path = UserPreferencesViewModel.swift; sourceTree = "<group>"; };
		4CB8168E1FE05AB800EB0818 /* UserPreferencesTextFieldView.swift */ = {isa = PBXFileReference; lastKnownFileType = sourcecode.swift; path = UserPreferencesTextFieldView.swift; sourceTree = "<group>"; };
		4CB816901FE05F8000EB0818 /* UserPreferencesHeaderView.swift */ = {isa = PBXFileReference; lastKnownFileType = sourcecode.swift; path = UserPreferencesHeaderView.swift; sourceTree = "<group>"; };
		770B95DE3184E597BFE880D5 /* Pods-RxSwiftExample.debug.xcconfig */ = {isa = PBXFileReference; includeInIndex = 1; lastKnownFileType = text.xcconfig; name = "Pods-RxSwiftExample.debug.xcconfig"; path = "Pods/Target Support Files/Pods-RxSwiftExample/Pods-RxSwiftExample.debug.xcconfig"; sourceTree = "<group>"; };
		7D3C7018E6A96AB8C3858BA7 /* Pods-RxSwiftExampleTests.release.xcconfig */ = {isa = PBXFileReference; includeInIndex = 1; lastKnownFileType = text.xcconfig; name = "Pods-RxSwiftExampleTests.release.xcconfig"; path = "Pods/Target Support Files/Pods-RxSwiftExampleTests/Pods-RxSwiftExampleTests.release.xcconfig"; sourceTree = "<group>"; };
		81B747F9BA593B0125E00612 /* Pods-RxSwiftExample.release.xcconfig */ = {isa = PBXFileReference; includeInIndex = 1; lastKnownFileType = text.xcconfig; name = "Pods-RxSwiftExample.release.xcconfig"; path = "Pods/Target Support Files/Pods-RxSwiftExample/Pods-RxSwiftExample.release.xcconfig"; sourceTree = "<group>"; };
		924B5E37CB69F85E3427CC43 /* Pods_RxSwiftExampleTests.framework */ = {isa = PBXFileReference; explicitFileType = wrapper.framework; includeInIndex = 0; path = Pods_RxSwiftExampleTests.framework; sourceTree = BUILT_PRODUCTS_DIR; };
		DD23EA40416875DBABD2838B /* Pods_RxSwiftExample.framework */ = {isa = PBXFileReference; explicitFileType = wrapper.framework; includeInIndex = 0; path = Pods_RxSwiftExample.framework; sourceTree = BUILT_PRODUCTS_DIR; };
/* End PBXFileReference section */

/* Begin PBXFrameworksBuildPhase section */
		4C5C87CD1FD1D80B00BEAD5C /* Frameworks */ = {
			isa = PBXFrameworksBuildPhase;
			buildActionMask = 2147483647;
			files = (
				D3611E68258CE28381D52709 /* Pods_RxSwiftExample.framework in Frameworks */,
			);
			runOnlyForDeploymentPostprocessing = 0;
		};
		4C5C87E11FD1D80B00BEAD5C /* Frameworks */ = {
			isa = PBXFrameworksBuildPhase;
			buildActionMask = 2147483647;
			files = (
				4176CED001CB1761CDDCCC2B /* Pods_RxSwiftExampleTests.framework in Frameworks */,
			);
			runOnlyForDeploymentPostprocessing = 0;
		};
/* End PBXFrameworksBuildPhase section */

/* Begin PBXGroup section */
		4C0BF8FB1FD9D6DA00F7E67D /* Resources */ = {
			isa = PBXGroup;
			children = (
				4C0BF8FE1FD9D74800F7E67D /* UserProfileStateList.swift */,
				4C0BF8FC1FD9D6F500F7E67D /* State.json */,
			);
			path = Resources;
			sourceTree = "<group>";
		};
		4C1C974C1FD5B27800EC4D0F /* ErrorOnTextfields */ = {
			isa = PBXGroup;
			children = (
				4C0BF8FB1FD9D6DA00F7E67D /* Resources */,
				4C88F7351FD5E27C009BC9D5 /* StackViewVersion */,
			);
			path = ErrorOnTextfields;
			sourceTree = "<group>";
		};
		4C2182541FD74DBB003EEA33 /* VIP_Form_Test */ = {
			isa = PBXGroup;
			children = (
				4C2182551FD74DD2003EEA33 /* VIPFromTest.swift */,
			);
			path = VIP_Form_Test;
			sourceTree = "<group>";
		};
		4C288D701FD4AD9F008697F6 /* ColorPicker */ = {
			isa = PBXGroup;
			children = (
				4C288D711FD4ADB7008697F6 /* ColorPickerExample.swift */,
				4C288D731FD4AFBC008697F6 /* CircleViewModel.swift */,
			);
			path = ColorPicker;
			sourceTree = "<group>";
		};
		4C5C87C71FD1D80B00BEAD5C = {
			isa = PBXGroup;
			children = (
				4C5C87D21FD1D80B00BEAD5C /* RxSwiftExample */,
				4C5C87E71FD1D80B00BEAD5C /* RxSwiftExampleTests */,
				4C5C87D11FD1D80B00BEAD5C /* Products */,
				B8BD4FF42D6DB9E4D6D8EEA7 /* Pods */,
				95C3C41882680C94123AB05C /* Frameworks */,
			);
			sourceTree = "<group>";
		};
		4C5C87D11FD1D80B00BEAD5C /* Products */ = {
			isa = PBXGroup;
			children = (
				4C5C87D01FD1D80B00BEAD5C /* RxSwiftExample.app */,
				4C5C87E41FD1D80B00BEAD5C /* RxSwiftExampleTests.xctest */,
			);
			name = Products;
			sourceTree = "<group>";
		};
		4C5C87D21FD1D80B00BEAD5C /* RxSwiftExample */ = {
			isa = PBXGroup;
			children = (
				4CB816831FE01F0200EB0818 /* UserPreferences */,
				4C2182521FD7047E003EEA33 /* HelperFunctions.swift */,
				4C1C974C1FD5B27800EC4D0F /* ErrorOnTextfields */,
				4C288D701FD4AD9F008697F6 /* ColorPicker */,
				4C5C87F31FD1DFCB00BEAD5C /* CityExample */,
				4C5C87D31FD1D80B00BEAD5C /* AppDelegate.swift */,
				4C5C87D51FD1D80B00BEAD5C /* ViewController.swift */,
				4C5C87D71FD1D80B00BEAD5C /* Main.storyboard */,
				4C5C87DA1FD1D80B00BEAD5C /* Assets.xcassets */,
				4C5C87DC1FD1D80B00BEAD5C /* LaunchScreen.storyboard */,
				4C5C87DF1FD1D80B00BEAD5C /* Info.plist */,
			);
			path = RxSwiftExample;
			sourceTree = "<group>";
		};
		4C5C87E71FD1D80B00BEAD5C /* RxSwiftExampleTests */ = {
			isa = PBXGroup;
			children = (
				4C2182541FD74DBB003EEA33 /* VIP_Form_Test */,
				4C5C87EA1FD1D80B00BEAD5C /* Info.plist */,
			);
			path = RxSwiftExampleTests;
			sourceTree = "<group>";
		};
		4C5C87F31FD1DFCB00BEAD5C /* CityExample */ = {
			isa = PBXGroup;
			children = (
				4C5C87F41FD1E34000BEAD5C /* CitySearchExample.swift */,
			);
			path = CityExample;
			sourceTree = "<group>";
		};
		4C88F7351FD5E27C009BC9D5 /* StackViewVersion */ = {
			isa = PBXGroup;
			children = (
				4C88F7361FD5E291009BC9D5 /* FormStackController.swift */,
				4C88F7381FD5E6F5009BC9D5 /* FormTextFieldView.swift */,
				4C36FEB61FD61EEB008E4C5C /* NameViewModel.swift */,
				4C21824C1FD6F382003EEA33 /* FormStackInteractor.swift */,
				4C21824E1FD6F38D003EEA33 /* FormStackPresenter.swift */,
				4C2182501FD6F3C4003EEA33 /* FormStackModel.swift */,
				4C083AC91FD8C4A0006CF142 /* FormStackHeaderView.swift */,
				4C0BF9001FD9ED2C00F7E67D /* PhoneNumberTextFieldView.swift */,
			);
			path = StackViewVersion;
			sourceTree = "<group>";
		};
		4CB816831FE01F0200EB0818 /* UserPreferences */ = {
			isa = PBXGroup;
			children = (
				4CB816921FE05F8400EB0818 /* Views */,
				4CB816861FE0362800EB0818 /* UserPreferencesStackContainer.swift */,
				4CB816881FE0511400EB0818 /* UserPreferencesPresenter.swift */,
				4CB8168A1FE0511E00EB0818 /* UserPreferencesInteractor.swift */,
				4CB8168C1FE0512A00EB0818 /* UserPreferencesViewModel.swift */,
				4C54B48F1FE066DC0045DCFC /* UserPreferenceModel.swift */,
			);
			path = UserPreferences;
			sourceTree = "<group>";
		};
		4CB816921FE05F8400EB0818 /* Views */ = {
			isa = PBXGroup;
			children = (
				4CB8168E1FE05AB800EB0818 /* UserPreferencesTextFieldView.swift */,
				4CB816901FE05F8000EB0818 /* UserPreferencesHeaderView.swift */,
				4C0E40B91FE17F4C002ADB29 /* UserPreferencesSwitchView.swift */,
				4C54B4911FE1DF2A0045DCFC /* UserPreferencesPushNotificationsView.swift */,
				4C54B4931FE1E42C0045DCFC /* UserPreferencesSelectionView.swift */,
			);
			path = Views;
			sourceTree = "<group>";
		};
		95C3C41882680C94123AB05C /* Frameworks */ = {
			isa = PBXGroup;
			children = (
				DD23EA40416875DBABD2838B /* Pods_RxSwiftExample.framework */,
				924B5E37CB69F85E3427CC43 /* Pods_RxSwiftExampleTests.framework */,
			);
			name = Frameworks;
			sourceTree = "<group>";
		};
		B8BD4FF42D6DB9E4D6D8EEA7 /* Pods */ = {
			isa = PBXGroup;
			children = (
				770B95DE3184E597BFE880D5 /* Pods-RxSwiftExample.debug.xcconfig */,
				81B747F9BA593B0125E00612 /* Pods-RxSwiftExample.release.xcconfig */,
				1CEEF0CB16B2B82433467DA7 /* Pods-RxSwiftExampleTests.debug.xcconfig */,
				7D3C7018E6A96AB8C3858BA7 /* Pods-RxSwiftExampleTests.release.xcconfig */,
			);
			name = Pods;
			sourceTree = "<group>";
		};
/* End PBXGroup section */

/* Begin PBXNativeTarget section */
		4C5C87CF1FD1D80B00BEAD5C /* RxSwiftExample */ = {
			isa = PBXNativeTarget;
			buildConfigurationList = 4C5C87ED1FD1D80B00BEAD5C /* Build configuration list for PBXNativeTarget "RxSwiftExample" */;
			buildPhases = (
				A6F8B232D25FE682C85C7495 /* [CP] Check Pods Manifest.lock */,
				4C5C87CC1FD1D80B00BEAD5C /* Sources */,
				4C5C87CD1FD1D80B00BEAD5C /* Frameworks */,
				4C5C87CE1FD1D80B00BEAD5C /* Resources */,
				79715BE275C9B4F7CA8E2966 /* [CP] Embed Pods Frameworks */,
				5BE29083D2C9F09F4471730C /* [CP] Copy Pods Resources */,
			);
			buildRules = (
			);
			dependencies = (
			);
			name = RxSwiftExample;
			productName = RxSwiftExample;
			productReference = 4C5C87D01FD1D80B00BEAD5C /* RxSwiftExample.app */;
			productType = "com.apple.product-type.application";
		};
		4C5C87E31FD1D80B00BEAD5C /* RxSwiftExampleTests */ = {
			isa = PBXNativeTarget;
			buildConfigurationList = 4C5C87F01FD1D80B00BEAD5C /* Build configuration list for PBXNativeTarget "RxSwiftExampleTests" */;
			buildPhases = (
				C75E779DCD158607856CECD9 /* [CP] Check Pods Manifest.lock */,
				4C5C87E01FD1D80B00BEAD5C /* Sources */,
				4C5C87E11FD1D80B00BEAD5C /* Frameworks */,
				4C5C87E21FD1D80B00BEAD5C /* Resources */,
				F870A0241CBB3F4B00575919 /* [CP] Embed Pods Frameworks */,
				DBE815EB2D07220344086162 /* [CP] Copy Pods Resources */,
			);
			buildRules = (
			);
			dependencies = (
				4C5C87E61FD1D80B00BEAD5C /* PBXTargetDependency */,
			);
			name = RxSwiftExampleTests;
			productName = RxSwiftExampleTests;
			productReference = 4C5C87E41FD1D80B00BEAD5C /* RxSwiftExampleTests.xctest */;
			productType = "com.apple.product-type.bundle.unit-test";
		};
/* End PBXNativeTarget section */

/* Begin PBXProject section */
		4C5C87C81FD1D80B00BEAD5C /* Project object */ = {
			isa = PBXProject;
			attributes = {
				LastSwiftUpdateCheck = 0910;
				LastUpgradeCheck = 0910;
				ORGANIZATIONNAME = "Yuchen Nie";
				TargetAttributes = {
					4C5C87CF1FD1D80B00BEAD5C = {
						CreatedOnToolsVersion = 9.1;
						ProvisioningStyle = Automatic;
					};
					4C5C87E31FD1D80B00BEAD5C = {
						CreatedOnToolsVersion = 9.1;
						ProvisioningStyle = Automatic;
						TestTargetID = 4C5C87CF1FD1D80B00BEAD5C;
					};
				};
			};
			buildConfigurationList = 4C5C87CB1FD1D80B00BEAD5C /* Build configuration list for PBXProject "RxSwiftExample" */;
			compatibilityVersion = "Xcode 8.0";
			developmentRegion = en;
			hasScannedForEncodings = 0;
			knownRegions = (
				en,
				Base,
			);
			mainGroup = 4C5C87C71FD1D80B00BEAD5C;
			productRefGroup = 4C5C87D11FD1D80B00BEAD5C /* Products */;
			projectDirPath = "";
			projectRoot = "";
			targets = (
				4C5C87CF1FD1D80B00BEAD5C /* RxSwiftExample */,
				4C5C87E31FD1D80B00BEAD5C /* RxSwiftExampleTests */,
			);
		};
/* End PBXProject section */

/* Begin PBXResourcesBuildPhase section */
		4C5C87CE1FD1D80B00BEAD5C /* Resources */ = {
			isa = PBXResourcesBuildPhase;
			buildActionMask = 2147483647;
			files = (
				4C5C87DE1FD1D80B00BEAD5C /* LaunchScreen.storyboard in Resources */,
				4C5C87DB1FD1D80B00BEAD5C /* Assets.xcassets in Resources */,
				4C5C87D91FD1D80B00BEAD5C /* Main.storyboard in Resources */,
				4C0BF8FD1FD9D6F500F7E67D /* State.json in Resources */,
			);
			runOnlyForDeploymentPostprocessing = 0;
		};
		4C5C87E21FD1D80B00BEAD5C /* Resources */ = {
			isa = PBXResourcesBuildPhase;
			buildActionMask = 2147483647;
			files = (
			);
			runOnlyForDeploymentPostprocessing = 0;
		};
/* End PBXResourcesBuildPhase section */

/* Begin PBXShellScriptBuildPhase section */
		5BE29083D2C9F09F4471730C /* [CP] Copy Pods Resources */ = {
			isa = PBXShellScriptBuildPhase;
			buildActionMask = 2147483647;
			files = (
			);
			inputPaths = (
			);
			name = "[CP] Copy Pods Resources";
			outputPaths = (
			);
			runOnlyForDeploymentPostprocessing = 0;
			shellPath = /bin/sh;
			shellScript = "\"${SRCROOT}/Pods/Target Support Files/Pods-RxSwiftExample/Pods-RxSwiftExample-resources.sh\"\n";
			showEnvVarsInLog = 0;
		};
		79715BE275C9B4F7CA8E2966 /* [CP] Embed Pods Frameworks */ = {
			isa = PBXShellScriptBuildPhase;
			buildActionMask = 2147483647;
			files = (
			);
			inputPaths = (
				"${SRCROOT}/Pods/Target Support Files/Pods-RxSwiftExample/Pods-RxSwiftExample-frameworks.sh",
				"${BUILT_PRODUCTS_DIR}/IGListKit/IGListKit.framework",
				"${BUILT_PRODUCTS_DIR}/Kingfisher/Kingfisher.framework",
				"${BUILT_PRODUCTS_DIR}/ObjectMapper/ObjectMapper.framework",
				"${BUILT_PRODUCTS_DIR}/PhoneNumberKit/PhoneNumberKit.framework",
				"${BUILT_PRODUCTS_DIR}/RxCocoa/RxCocoa.framework",
				"${BUILT_PRODUCTS_DIR}/RxSwift/RxSwift.framework",
				"${BUILT_PRODUCTS_DIR}/SnapKit/SnapKit.framework",
			);
			name = "[CP] Embed Pods Frameworks";
			outputPaths = (
				"${TARGET_BUILD_DIR}/${FRAMEWORKS_FOLDER_PATH}/IGListKit.framework",
				"${TARGET_BUILD_DIR}/${FRAMEWORKS_FOLDER_PATH}/Kingfisher.framework",
				"${TARGET_BUILD_DIR}/${FRAMEWORKS_FOLDER_PATH}/ObjectMapper.framework",
				"${TARGET_BUILD_DIR}/${FRAMEWORKS_FOLDER_PATH}/PhoneNumberKit.framework",
				"${TARGET_BUILD_DIR}/${FRAMEWORKS_FOLDER_PATH}/RxCocoa.framework",
				"${TARGET_BUILD_DIR}/${FRAMEWORKS_FOLDER_PATH}/RxSwift.framework",
				"${TARGET_BUILD_DIR}/${FRAMEWORKS_FOLDER_PATH}/SnapKit.framework",
			);
			runOnlyForDeploymentPostprocessing = 0;
			shellPath = /bin/sh;
			shellScript = "\"${SRCROOT}/Pods/Target Support Files/Pods-RxSwiftExample/Pods-RxSwiftExample-frameworks.sh\"\n";
			showEnvVarsInLog = 0;
		};
		A6F8B232D25FE682C85C7495 /* [CP] Check Pods Manifest.lock */ = {
			isa = PBXShellScriptBuildPhase;
			buildActionMask = 2147483647;
			files = (
			);
			inputPaths = (
				"${PODS_PODFILE_DIR_PATH}/Podfile.lock",
				"${PODS_ROOT}/Manifest.lock",
			);
			name = "[CP] Check Pods Manifest.lock";
			outputPaths = (
				"$(DERIVED_FILE_DIR)/Pods-RxSwiftExample-checkManifestLockResult.txt",
			);
			runOnlyForDeploymentPostprocessing = 0;
			shellPath = /bin/sh;
			shellScript = "diff \"${PODS_PODFILE_DIR_PATH}/Podfile.lock\" \"${PODS_ROOT}/Manifest.lock\" > /dev/null\nif [ $? != 0 ] ; then\n    # print error to STDERR\n    echo \"error: The sandbox is not in sync with the Podfile.lock. Run 'pod install' or update your CocoaPods installation.\" >&2\n    exit 1\nfi\n# This output is used by Xcode 'outputs' to avoid re-running this script phase.\necho \"SUCCESS\" > \"${SCRIPT_OUTPUT_FILE_0}\"\n";
			showEnvVarsInLog = 0;
		};
		C75E779DCD158607856CECD9 /* [CP] Check Pods Manifest.lock */ = {
			isa = PBXShellScriptBuildPhase;
			buildActionMask = 2147483647;
			files = (
			);
			inputPaths = (
				"${PODS_PODFILE_DIR_PATH}/Podfile.lock",
				"${PODS_ROOT}/Manifest.lock",
			);
			name = "[CP] Check Pods Manifest.lock";
			outputPaths = (
				"$(DERIVED_FILE_DIR)/Pods-RxSwiftExampleTests-checkManifestLockResult.txt",
			);
			runOnlyForDeploymentPostprocessing = 0;
			shellPath = /bin/sh;
			shellScript = "diff \"${PODS_PODFILE_DIR_PATH}/Podfile.lock\" \"${PODS_ROOT}/Manifest.lock\" > /dev/null\nif [ $? != 0 ] ; then\n    # print error to STDERR\n    echo \"error: The sandbox is not in sync with the Podfile.lock. Run 'pod install' or update your CocoaPods installation.\" >&2\n    exit 1\nfi\n# This output is used by Xcode 'outputs' to avoid re-running this script phase.\necho \"SUCCESS\" > \"${SCRIPT_OUTPUT_FILE_0}\"\n";
			showEnvVarsInLog = 0;
		};
		DBE815EB2D07220344086162 /* [CP] Copy Pods Resources */ = {
			isa = PBXShellScriptBuildPhase;
			buildActionMask = 2147483647;
			files = (
			);
			inputPaths = (
			);
			name = "[CP] Copy Pods Resources";
			outputPaths = (
			);
			runOnlyForDeploymentPostprocessing = 0;
			shellPath = /bin/sh;
			shellScript = "\"${SRCROOT}/Pods/Target Support Files/Pods-RxSwiftExampleTests/Pods-RxSwiftExampleTests-resources.sh\"\n";
			showEnvVarsInLog = 0;
		};
		F870A0241CBB3F4B00575919 /* [CP] Embed Pods Frameworks */ = {
			isa = PBXShellScriptBuildPhase;
			buildActionMask = 2147483647;
			files = (
			);
			inputPaths = (
				"${SRCROOT}/Pods/Target Support Files/Pods-RxSwiftExampleTests/Pods-RxSwiftExampleTests-frameworks.sh",
				"${BUILT_PRODUCTS_DIR}/IGListKit/IGListKit.framework",
				"${BUILT_PRODUCTS_DIR}/Kingfisher/Kingfisher.framework",
				"${BUILT_PRODUCTS_DIR}/ObjectMapper/ObjectMapper.framework",
				"${BUILT_PRODUCTS_DIR}/PhoneNumberKit/PhoneNumberKit.framework",
				"${BUILT_PRODUCTS_DIR}/RxCocoa/RxCocoa.framework",
				"${BUILT_PRODUCTS_DIR}/RxSwift/RxSwift.framework",
				"${BUILT_PRODUCTS_DIR}/SnapKit/SnapKit.framework",
				"${BUILT_PRODUCTS_DIR}/Nimble/Nimble.framework",
				"${BUILT_PRODUCTS_DIR}/Quick/Quick.framework",
			);
			name = "[CP] Embed Pods Frameworks";
			outputPaths = (
				"${TARGET_BUILD_DIR}/${FRAMEWORKS_FOLDER_PATH}/IGListKit.framework",
				"${TARGET_BUILD_DIR}/${FRAMEWORKS_FOLDER_PATH}/Kingfisher.framework",
				"${TARGET_BUILD_DIR}/${FRAMEWORKS_FOLDER_PATH}/ObjectMapper.framework",
				"${TARGET_BUILD_DIR}/${FRAMEWORKS_FOLDER_PATH}/PhoneNumberKit.framework",
				"${TARGET_BUILD_DIR}/${FRAMEWORKS_FOLDER_PATH}/RxCocoa.framework",
				"${TARGET_BUILD_DIR}/${FRAMEWORKS_FOLDER_PATH}/RxSwift.framework",
				"${TARGET_BUILD_DIR}/${FRAMEWORKS_FOLDER_PATH}/SnapKit.framework",
				"${TARGET_BUILD_DIR}/${FRAMEWORKS_FOLDER_PATH}/Nimble.framework",
				"${TARGET_BUILD_DIR}/${FRAMEWORKS_FOLDER_PATH}/Quick.framework",
			);
			runOnlyForDeploymentPostprocessing = 0;
			shellPath = /bin/sh;
			shellScript = "\"${SRCROOT}/Pods/Target Support Files/Pods-RxSwiftExampleTests/Pods-RxSwiftExampleTests-frameworks.sh\"\n";
			showEnvVarsInLog = 0;
		};
/* End PBXShellScriptBuildPhase section */

/* Begin PBXSourcesBuildPhase section */
		4C5C87CC1FD1D80B00BEAD5C /* Sources */ = {
			isa = PBXSourcesBuildPhase;
			buildActionMask = 2147483647;
			files = (
				4C288D721FD4ADB7008697F6 /* ColorPickerExample.swift in Sources */,
				4C5C87D61FD1D80B00BEAD5C /* ViewController.swift in Sources */,
				4CB816891FE0511400EB0818 /* UserPreferencesPresenter.swift in Sources */,
				4C88F7371FD5E291009BC9D5 /* FormStackController.swift in Sources */,
				4CB816911FE05F8000EB0818 /* UserPreferencesHeaderView.swift in Sources */,
				4C54B4901FE066DC0045DCFC /* UserPreferenceModel.swift in Sources */,
				4CB8168F1FE05AB800EB0818 /* UserPreferencesTextFieldView.swift in Sources */,
				4C2182511FD6F3C4003EEA33 /* FormStackModel.swift in Sources */,
				4C0BF9011FD9ED2C00F7E67D /* PhoneNumberTextFieldView.swift in Sources */,
				4C88F7391FD5E6F5009BC9D5 /* FormTextFieldView.swift in Sources */,
				4C21824F1FD6F38D003EEA33 /* FormStackPresenter.swift in Sources */,
				4C2182531FD7047E003EEA33 /* HelperFunctions.swift in Sources */,
				4CB816871FE0362800EB0818 /* UserPreferencesStackContainer.swift in Sources */,
				4C5C87D41FD1D80B00BEAD5C /* AppDelegate.swift in Sources */,
				4C54B4941FE1E42C0045DCFC /* UserPreferencesSelectionView.swift in Sources */,
				4C0BF8FF1FD9D74800F7E67D /* UserProfileStateList.swift in Sources */,
				4CB8168B1FE0511E00EB0818 /* UserPreferencesInteractor.swift in Sources */,
				4C36FEB71FD61EEB008E4C5C /* NameViewModel.swift in Sources */,
				4C5C87F51FD1E34000BEAD5C /* CitySearchExample.swift in Sources */,
				4C083ACA1FD8C4A0006CF142 /* FormStackHeaderView.swift in Sources */,
				4C54B4921FE1DF2A0045DCFC /* UserPreferencesPushNotificationsView.swift in Sources */,
				4C0E40BA1FE17F4C002ADB29 /* UserPreferencesSwitchView.swift in Sources */,
				4CB8168D1FE0512A00EB0818 /* UserPreferencesViewModel.swift in Sources */,
				4C288D741FD4AFBC008697F6 /* CircleViewModel.swift in Sources */,
				4C21824D1FD6F382003EEA33 /* FormStackInteractor.swift in Sources */,
			);
			runOnlyForDeploymentPostprocessing = 0;
		};
		4C5C87E01FD1D80B00BEAD5C /* Sources */ = {
			isa = PBXSourcesBuildPhase;
			buildActionMask = 2147483647;
			files = (
				4C2182561FD74DD2003EEA33 /* VIPFromTest.swift in Sources */,
			);
			runOnlyForDeploymentPostprocessing = 0;
		};
/* End PBXSourcesBuildPhase section */

/* Begin PBXTargetDependency section */
		4C5C87E61FD1D80B00BEAD5C /* PBXTargetDependency */ = {
			isa = PBXTargetDependency;
			target = 4C5C87CF1FD1D80B00BEAD5C /* RxSwiftExample */;
			targetProxy = 4C5C87E51FD1D80B00BEAD5C /* PBXContainerItemProxy */;
		};
/* End PBXTargetDependency section */

/* Begin PBXVariantGroup section */
		4C5C87D71FD1D80B00BEAD5C /* Main.storyboard */ = {
			isa = PBXVariantGroup;
			children = (
				4C5C87D81FD1D80B00BEAD5C /* Base */,
			);
			name = Main.storyboard;
			sourceTree = "<group>";
		};
		4C5C87DC1FD1D80B00BEAD5C /* LaunchScreen.storyboard */ = {
			isa = PBXVariantGroup;
			children = (
				4C5C87DD1FD1D80B00BEAD5C /* Base */,
			);
			name = LaunchScreen.storyboard;
			sourceTree = "<group>";
		};
/* End PBXVariantGroup section */

/* Begin XCBuildConfiguration section */
		4C5C87EB1FD1D80B00BEAD5C /* Debug */ = {
			isa = XCBuildConfiguration;
			buildSettings = {
				ALWAYS_SEARCH_USER_PATHS = NO;
				CLANG_ANALYZER_NONNULL = YES;
				CLANG_ANALYZER_NUMBER_OBJECT_CONVERSION = YES_AGGRESSIVE;
				CLANG_CXX_LANGUAGE_STANDARD = "gnu++14";
				CLANG_CXX_LIBRARY = "libc++";
				CLANG_ENABLE_MODULES = YES;
				CLANG_ENABLE_OBJC_ARC = YES;
				CLANG_WARN_BLOCK_CAPTURE_AUTORELEASING = YES;
				CLANG_WARN_BOOL_CONVERSION = YES;
				CLANG_WARN_COMMA = YES;
				CLANG_WARN_CONSTANT_CONVERSION = YES;
				CLANG_WARN_DIRECT_OBJC_ISA_USAGE = YES_ERROR;
				CLANG_WARN_DOCUMENTATION_COMMENTS = YES;
				CLANG_WARN_EMPTY_BODY = YES;
				CLANG_WARN_ENUM_CONVERSION = YES;
				CLANG_WARN_INFINITE_RECURSION = YES;
				CLANG_WARN_INT_CONVERSION = YES;
				CLANG_WARN_NON_LITERAL_NULL_CONVERSION = YES;
				CLANG_WARN_OBJC_LITERAL_CONVERSION = YES;
				CLANG_WARN_OBJC_ROOT_CLASS = YES_ERROR;
				CLANG_WARN_RANGE_LOOP_ANALYSIS = YES;
				CLANG_WARN_STRICT_PROTOTYPES = YES;
				CLANG_WARN_SUSPICIOUS_MOVE = YES;
				CLANG_WARN_UNGUARDED_AVAILABILITY = YES_AGGRESSIVE;
				CLANG_WARN_UNREACHABLE_CODE = YES;
				CLANG_WARN__DUPLICATE_METHOD_MATCH = YES;
				CODE_SIGN_IDENTITY = "iPhone Developer";
				COPY_PHASE_STRIP = NO;
				DEBUG_INFORMATION_FORMAT = dwarf;
				ENABLE_STRICT_OBJC_MSGSEND = YES;
				ENABLE_TESTABILITY = YES;
				GCC_C_LANGUAGE_STANDARD = gnu11;
				GCC_DYNAMIC_NO_PIC = NO;
				GCC_NO_COMMON_BLOCKS = YES;
				GCC_OPTIMIZATION_LEVEL = 0;
				GCC_PREPROCESSOR_DEFINITIONS = (
					"DEBUG=1",
					"$(inherited)",
				);
				GCC_WARN_64_TO_32_BIT_CONVERSION = YES;
				GCC_WARN_ABOUT_RETURN_TYPE = YES_ERROR;
				GCC_WARN_UNDECLARED_SELECTOR = YES;
				GCC_WARN_UNINITIALIZED_AUTOS = YES_AGGRESSIVE;
				GCC_WARN_UNUSED_FUNCTION = YES;
				GCC_WARN_UNUSED_VARIABLE = YES;
				IPHONEOS_DEPLOYMENT_TARGET = 11.1;
				MTL_ENABLE_DEBUG_INFO = YES;
				ONLY_ACTIVE_ARCH = YES;
				SDKROOT = iphoneos;
				SWIFT_ACTIVE_COMPILATION_CONDITIONS = DEBUG;
				SWIFT_OPTIMIZATION_LEVEL = "-Onone";
				SWIFT_VERSION = 3.0;
			};
			name = Debug;
		};
		4C5C87EC1FD1D80B00BEAD5C /* Release */ = {
			isa = XCBuildConfiguration;
			buildSettings = {
				ALWAYS_SEARCH_USER_PATHS = NO;
				CLANG_ANALYZER_NONNULL = YES;
				CLANG_ANALYZER_NUMBER_OBJECT_CONVERSION = YES_AGGRESSIVE;
				CLANG_CXX_LANGUAGE_STANDARD = "gnu++14";
				CLANG_CXX_LIBRARY = "libc++";
				CLANG_ENABLE_MODULES = YES;
				CLANG_ENABLE_OBJC_ARC = YES;
				CLANG_WARN_BLOCK_CAPTURE_AUTORELEASING = YES;
				CLANG_WARN_BOOL_CONVERSION = YES;
				CLANG_WARN_COMMA = YES;
				CLANG_WARN_CONSTANT_CONVERSION = YES;
				CLANG_WARN_DIRECT_OBJC_ISA_USAGE = YES_ERROR;
				CLANG_WARN_DOCUMENTATION_COMMENTS = YES;
				CLANG_WARN_EMPTY_BODY = YES;
				CLANG_WARN_ENUM_CONVERSION = YES;
				CLANG_WARN_INFINITE_RECURSION = YES;
				CLANG_WARN_INT_CONVERSION = YES;
				CLANG_WARN_NON_LITERAL_NULL_CONVERSION = YES;
				CLANG_WARN_OBJC_LITERAL_CONVERSION = YES;
				CLANG_WARN_OBJC_ROOT_CLASS = YES_ERROR;
				CLANG_WARN_RANGE_LOOP_ANALYSIS = YES;
				CLANG_WARN_STRICT_PROTOTYPES = YES;
				CLANG_WARN_SUSPICIOUS_MOVE = YES;
				CLANG_WARN_UNGUARDED_AVAILABILITY = YES_AGGRESSIVE;
				CLANG_WARN_UNREACHABLE_CODE = YES;
				CLANG_WARN__DUPLICATE_METHOD_MATCH = YES;
				CODE_SIGN_IDENTITY = "iPhone Developer";
				COPY_PHASE_STRIP = NO;
				DEBUG_INFORMATION_FORMAT = "dwarf-with-dsym";
				ENABLE_NS_ASSERTIONS = NO;
				ENABLE_STRICT_OBJC_MSGSEND = YES;
				GCC_C_LANGUAGE_STANDARD = gnu11;
				GCC_NO_COMMON_BLOCKS = YES;
				GCC_WARN_64_TO_32_BIT_CONVERSION = YES;
				GCC_WARN_ABOUT_RETURN_TYPE = YES_ERROR;
				GCC_WARN_UNDECLARED_SELECTOR = YES;
				GCC_WARN_UNINITIALIZED_AUTOS = YES_AGGRESSIVE;
				GCC_WARN_UNUSED_FUNCTION = YES;
				GCC_WARN_UNUSED_VARIABLE = YES;
				IPHONEOS_DEPLOYMENT_TARGET = 11.1;
				MTL_ENABLE_DEBUG_INFO = NO;
				SDKROOT = iphoneos;
				SWIFT_OPTIMIZATION_LEVEL = "-Owholemodule";
				SWIFT_VERSION = 3.0;
				VALIDATE_PRODUCT = YES;
			};
			name = Release;
		};
		4C5C87EE1FD1D80B00BEAD5C /* Debug */ = {
			isa = XCBuildConfiguration;
			baseConfigurationReference = 770B95DE3184E597BFE880D5 /* Pods-RxSwiftExample.debug.xcconfig */;
			buildSettings = {
				ASSETCATALOG_COMPILER_APPICON_NAME = AppIcon;
				CODE_SIGN_STYLE = Automatic;
				INFOPLIST_FILE = RxSwiftExample/Info.plist;
				LD_RUNPATH_SEARCH_PATHS = "$(inherited) @executable_path/Frameworks";
				PRODUCT_BUNDLE_IDENTIFIER = YellowSub.RxSwiftExample;
				PRODUCT_NAME = "$(TARGET_NAME)";
				SWIFT_VERSION = 3.0;
				TARGETED_DEVICE_FAMILY = "1,2";
			};
			name = Debug;
		};
		4C5C87EF1FD1D80B00BEAD5C /* Release */ = {
			isa = XCBuildConfiguration;
			baseConfigurationReference = 81B747F9BA593B0125E00612 /* Pods-RxSwiftExample.release.xcconfig */;
			buildSettings = {
				ASSETCATALOG_COMPILER_APPICON_NAME = AppIcon;
				CODE_SIGN_STYLE = Automatic;
				INFOPLIST_FILE = RxSwiftExample/Info.plist;
				LD_RUNPATH_SEARCH_PATHS = "$(inherited) @executable_path/Frameworks";
				PRODUCT_BUNDLE_IDENTIFIER = YellowSub.RxSwiftExample;
				PRODUCT_NAME = "$(TARGET_NAME)";
				SWIFT_VERSION = 3.0;
				TARGETED_DEVICE_FAMILY = "1,2";
			};
			name = Release;
		};
		4C5C87F11FD1D80B00BEAD5C /* Debug */ = {
			isa = XCBuildConfiguration;
			baseConfigurationReference = 1CEEF0CB16B2B82433467DA7 /* Pods-RxSwiftExampleTests.debug.xcconfig */;
			buildSettings = {
				ALWAYS_EMBED_SWIFT_STANDARD_LIBRARIES = YES;
				BUNDLE_LOADER = "$(TEST_HOST)";
				CODE_SIGN_STYLE = Automatic;
				INFOPLIST_FILE = RxSwiftExampleTests/Info.plist;
				LD_RUNPATH_SEARCH_PATHS = "$(inherited) @executable_path/Frameworks @loader_path/Frameworks";
				PRODUCT_BUNDLE_IDENTIFIER = YellowSub.RxSwiftExampleTests;
				PRODUCT_NAME = "$(TARGET_NAME)";
				SWIFT_VERSION = 3.0;
				TARGETED_DEVICE_FAMILY = "1,2";
				TEST_HOST = "$(BUILT_PRODUCTS_DIR)/RxSwiftExample.app/RxSwiftExample";
			};
			name = Debug;
		};
		4C5C87F21FD1D80B00BEAD5C /* Release */ = {
			isa = XCBuildConfiguration;
			baseConfigurationReference = 7D3C7018E6A96AB8C3858BA7 /* Pods-RxSwiftExampleTests.release.xcconfig */;
			buildSettings = {
				ALWAYS_EMBED_SWIFT_STANDARD_LIBRARIES = YES;
				BUNDLE_LOADER = "$(TEST_HOST)";
				CODE_SIGN_STYLE = Automatic;
				INFOPLIST_FILE = RxSwiftExampleTests/Info.plist;
				LD_RUNPATH_SEARCH_PATHS = "$(inherited) @executable_path/Frameworks @loader_path/Frameworks";
				PRODUCT_BUNDLE_IDENTIFIER = YellowSub.RxSwiftExampleTests;
				PRODUCT_NAME = "$(TARGET_NAME)";
				SWIFT_VERSION = 3.0;
				TARGETED_DEVICE_FAMILY = "1,2";
				TEST_HOST = "$(BUILT_PRODUCTS_DIR)/RxSwiftExample.app/RxSwiftExample";
			};
			name = Release;
		};
/* End XCBuildConfiguration section */

/* Begin XCConfigurationList section */
		4C5C87CB1FD1D80B00BEAD5C /* Build configuration list for PBXProject "RxSwiftExample" */ = {
			isa = XCConfigurationList;
			buildConfigurations = (
				4C5C87EB1FD1D80B00BEAD5C /* Debug */,
				4C5C87EC1FD1D80B00BEAD5C /* Release */,
			);
			defaultConfigurationIsVisible = 0;
			defaultConfigurationName = Release;
		};
		4C5C87ED1FD1D80B00BEAD5C /* Build configuration list for PBXNativeTarget "RxSwiftExample" */ = {
			isa = XCConfigurationList;
			buildConfigurations = (
				4C5C87EE1FD1D80B00BEAD5C /* Debug */,
				4C5C87EF1FD1D80B00BEAD5C /* Release */,
			);
			defaultConfigurationIsVisible = 0;
			defaultConfigurationName = Release;
		};
		4C5C87F01FD1D80B00BEAD5C /* Build configuration list for PBXNativeTarget "RxSwiftExampleTests" */ = {
			isa = XCConfigurationList;
			buildConfigurations = (
				4C5C87F11FD1D80B00BEAD5C /* Debug */,
				4C5C87F21FD1D80B00BEAD5C /* Release */,
			);
			defaultConfigurationIsVisible = 0;
			defaultConfigurationName = Release;
		};
/* End XCConfigurationList section */
	};
	rootObject = 4C5C87C81FD1D80B00BEAD5C /* Project object */;
}
